
Microsoft Visual Studio Solution File, Format Version 12.00
# Visual Studio 14
VisualStudioVersion = 14.0.23107.0
MinimumVisualStudioVersion = 10.0.40219.1
Project("{FAE04EC0-301F-11D3-BF4B-00C04F79EFBC}") = "ConsoleApplication1", "ConsoleApplication1\ConsoleApplication1.csproj", "{D17C4C23-EF29-451C-A881-B274C0D81782}"
EndProject
Project("{FAE04EC0-301F-11D3-BF4B-00C04F79EFBC}") = "ConsoleApplication2", "ConsoleApplication2\ConsoleApplication2.csproj", "{68F1DB91-9DF0-487E-AF45-BD10E83BE69F}"
EndProject
Project("{FAE04EC0-301F-11D3-BF4B-00C04F79EFBC}") = "Mod10", "Mod10\Mod10.csproj", "{EF3F4099-16E4-4CF0-B67A-ACC3AE3F2AAD}"
EndProject
Project("{FAE04EC0-301F-11D3-BF4B-00C04F79EFBC}") = "Mod11", "Mod11\Mod11.csproj", "{1A22E0BC-A479-4191-9BCB-1270507BD315}"
EndProject
Global
	GlobalSection(SolutionConfigurationPlatforms) = preSolution
		Debug|Any CPU = Debug|Any CPU
		Release|Any CPU = Release|Any CPU
	EndGlobalSection
	GlobalSection(ProjectConfigurationPlatforms) = postSolution
		{D17C4C23-EF29-451C-A881-B274C0D81782}.Debug|Any CPU.ActiveCfg = Debug|Any CPU
		{D17C4C23-EF29-451C-A881-B274C0D81782}.Debug|Any CPU.Build.0 = Debug|Any CPU
		{D17C4C23-EF29-451C-A881-B274C0D81782}.Release|Any CPU.ActiveCfg = Release|Any CPU
		{D17C4C23-EF29-451C-A881-B274C0D81782}.Release|Any CPU.Build.0 = Release|Any CPU
		{68F1DB91-9DF0-487E-AF45-BD10E83BE69F}.Debug|Any CPU.ActiveCfg = Debug|Any CPU
		{68F1DB91-9DF0-487E-AF45-BD10E83BE69F}.Debug|Any CPU.Build.0 = Debug|Any CPU
		{68F1DB91-9DF0-487E-AF45-BD10E83BE69F}.Release|Any CPU.ActiveCfg = Release|Any CPU
		{68F1DB91-9DF0-487E-AF45-BD10E83BE69F}.Release|Any CPU.Build.0 = Release|Any CPU
		{EF3F4099-16E4-4CF0-B67A-ACC3AE3F2AAD}.Debug|Any CPU.ActiveCfg = Debug|Any CPU
		{EF3F4099-16E4-4CF0-B67A-ACC3AE3F2AAD}.Debug|Any CPU.Build.0 = Debug|Any CPU
		{EF3F4099-16E4-4CF0-B67A-ACC3AE3F2AAD}.Release|Any CPU.ActiveCfg = Release|Any CPU
		{EF3F4099-16E4-4CF0-B67A-ACC3AE3F2AAD}.Release|Any CPU.Build.0 = Release|Any CPU
		{1A22E0BC-A479-4191-9BCB-1270507BD315}.Debug|Any CPU.ActiveCfg = Debug|Any CPU
		{1A22E0BC-A479-4191-9BCB-1270507BD315}.Debug|Any CPU.Build.0 = Debug|Any CPU
		{1A22E0BC-A479-4191-9BCB-1270507BD315}.Release|Any CPU.ActiveCfg = Release|Any CPU
		{1A22E0BC-A479-4191-9BCB-1270507BD315}.Release|Any CPU.Build.0 = Release|Any CPU
	EndGlobalSection
	GlobalSection(SolutionProperties) = preSolution
		HideSolutionNode = FALSE
	EndGlobalSection
EndGlobal
